
Microsoft Visual Studio Solution File, Format Version 10.00
# Visual Studio 2008
Project("{FAE04EC0-301F-11D3-BF4B-00C04F79EFBC}") = "EcmaScript.NET", "EcmaScript.NET\EcmaScript.NET.csproj", "{ED3DF8AE-9541-4C95-93C5-8C417D4CBA50}"
EndProject
Project("{FAE04EC0-301F-11D3-BF4B-00C04F79EFBC}") = "Yahoo.Yui.Compressor", "Yahoo.Yui.Compressor\Yahoo.Yui.Compressor.csproj", "{7A85988C-2836-4BD6-9143-17C606B218D9}"
EndProject
Project("{FAE04EC0-301F-11D3-BF4B-00C04F79EFBC}") = "Talifun.Web", "Talifun.Web\Talifun.Web.csproj", "{FB8D10A5-40A2-44B0-A30F-1B316B5AFC34}"
EndProject
Project("{2150E333-8FDC-42A3-9474-1A3956D46DE8}") = "Talifun.Web Examples", "Talifun.Web Examples", "{BBD8CE05-D20C-4F98-B1BF-1F48378FA1C2}"
EndProject
Project("{FAE04EC0-301F-11D3-BF4B-00C04F79EFBC}") = "UrlRewriter.Demo", "Talfun.Web.UrlRewriter.Examples\UrlRewriter.Demo\UrlRewriter.Demo.csproj", "{EB258590-626C-4F1D-ABEE-E863551BB5EC}"
EndProject
Project("{2150E333-8FDC-42A3-9474-1A3956D46DE8}") = "LogUrl", "LogUrl", "{6585BAE3-7D86-4204-B2BF-F70F5CAE84F2}"
EndProject
Project("{2150E333-8FDC-42A3-9474-1A3956D46DE8}") = "UrlReWriter", "UrlReWriter", "{5486B4C8-67EA-46B7-BFAE-3C812AF2CEDD}"
EndProject
Project("{FAE04EC0-301F-11D3-BF4B-00C04F79EFBC}") = "UrlReWriter.Demo.CustomUrlRewriter", "Talfun.Web.UrlRewriter.Examples\UrlReWriter.Demo.CustomUrlRewriter\UrlReWriter.Demo.CustomUrlRewriter.csproj", "{3E797996-D4C7-45D1-8B5F-B3C87FC4F886}"
EndProject
Project("{FAE04EC0-301F-11D3-BF4B-00C04F79EFBC}") = "Crusher.Demo", "Talifun.Web.Examples\Crusher.Demo\Crusher.Demo.csproj", "{0F576746-2042-433F-8543-FCB9321FDEF0}"
EndProject
Project("{2150E333-8FDC-42A3-9474-1A3956D46DE8}") = "Crusher", "Crusher", "{AC3BF142-79EA-49B1-981B-5AFFFDF159B8}"
EndProject
Project("{2150E333-8FDC-42A3-9474-1A3956D46DE8}") = "StaticFile", "StaticFile", "{82555643-CEBB-4480-BDDA-7C9A30186C2D}"
EndProject
Project("{FAE04EC0-301F-11D3-BF4B-00C04F79EFBC}") = "StaticFile.Demo", "Talifun.Web.Examples\StaticFile.Demo\StaticFile.Demo.csproj", "{EE3D28B2-2146-4078-BC89-2A4270257085}"
EndProject
Project("{2150E333-8FDC-42A3-9474-1A3956D46DE8}") = "Compress", "Compress", "{EE1C4A97-AF23-47B9-BF12-0DE8C7B11420}"
EndProject
Project("{FAE04EC0-301F-11D3-BF4B-00C04F79EFBC}") = "Compress.Demo", "Talifun.Web.Examples\Compress.Demo\Compress.Demo.csproj", "{F4AB8CB0-90E3-46D6-93E1-8C796F388E68}"
EndProject
Project("{2150E333-8FDC-42A3-9474-1A3956D46DE8}") = "CssSprite", "CssSprite", "{B4E9160F-A459-4131-97B6-6C410FC2E61A}"
EndProject
Project("{FAE04EC0-301F-11D3-BF4B-00C04F79EFBC}") = "CssSprite.Demo", "Talifun.Web.Examples\CssSprite.Demo\CssSprite.Demo.csproj", "{B28274C1-B220-4D3B-9CB4-DD3A5D877B02}"
EndProject
Project("{FAE04EC0-301F-11D3-BF4B-00C04F79EFBC}") = "LogUrl.Demo", "Talifun.Web.Examples\LogUrl.Demo\LogUrl.Demo.csproj", "{04C7820F-E87A-4E09-BBAB-CEF8F73152B6}"
EndProject
Project("{FAE04EC0-301F-11D3-BF4B-00C04F79EFBC}") = "Talifun.Web.UrlRewriter", "Talifun.Web.UrlRewriter\Talifun.Web.UrlRewriter.csproj", "{43D2AC34-0EEA-4A82-B907-80D4CBDD63A1}"
EndProject
Project("{2150E333-8FDC-42A3-9474-1A3956D46DE8}") = "Talifun.Web.UrlRewriter Examples", "Talifun.Web.UrlRewriter Examples", "{4D843872-EF66-419B-A4F4-7DFAD1068F02}"
EndProject
Project("{FAE04EC0-301F-11D3-BF4B-00C04F79EFBC}") = "Talifun.Web.Mvc", "Talifun.Web.Mvc\Talifun.Web.Mvc.csproj", "{5DF03ED5-2C45-4F23-A1E3-248383803D11}"
EndProject
Project("{2150E333-8FDC-42A3-9474-1A3956D46DE8}") = "RegexUrlAuthorization", "RegexUrlAuthorization", "{553BC3FD-3C37-4A0C-871A-2948B45BEDD6}"
EndProject
Project("{FAE04EC0-301F-11D3-BF4B-00C04F79EFBC}") = "RegexUrlAuthorization.Demo", "Talifun.Web.Examples\RegexUrlAuthorization.Demo\RegexUrlAuthorization.Demo.csproj", "{C1C1A286-780B-44AD-8FB0-AE78528B68EC}"
EndProject
Global
	GlobalSection(SolutionConfigurationPlatforms) = preSolution
		Debug|Any CPU = Debug|Any CPU
		Release|Any CPU = Release|Any CPU
	EndGlobalSection
	GlobalSection(ProjectConfigurationPlatforms) = postSolution
		{ED3DF8AE-9541-4C95-93C5-8C417D4CBA50}.Debug|Any CPU.ActiveCfg = Debug|Any CPU
		{ED3DF8AE-9541-4C95-93C5-8C417D4CBA50}.Debug|Any CPU.Build.0 = Debug|Any CPU
		{ED3DF8AE-9541-4C95-93C5-8C417D4CBA50}.Release|Any CPU.ActiveCfg = Release|Any CPU
		{ED3DF8AE-9541-4C95-93C5-8C417D4CBA50}.Release|Any CPU.Build.0 = Release|Any CPU
		{7A85988C-2836-4BD6-9143-17C606B218D9}.Debug|Any CPU.ActiveCfg = Debug|Any CPU
		{7A85988C-2836-4BD6-9143-17C606B218D9}.Debug|Any CPU.Build.0 = Debug|Any CPU
		{7A85988C-2836-4BD6-9143-17C606B218D9}.Release|Any CPU.ActiveCfg = Release|Any CPU
		{7A85988C-2836-4BD6-9143-17C606B218D9}.Release|Any CPU.Build.0 = Release|Any CPU
		{FB8D10A5-40A2-44B0-A30F-1B316B5AFC34}.Debug|Any CPU.ActiveCfg = Debug|Any CPU
		{FB8D10A5-40A2-44B0-A30F-1B316B5AFC34}.Debug|Any CPU.Build.0 = Debug|Any CPU
		{FB8D10A5-40A2-44B0-A30F-1B316B5AFC34}.Release|Any CPU.ActiveCfg = Release|Any CPU
		{FB8D10A5-40A2-44B0-A30F-1B316B5AFC34}.Release|Any CPU.Build.0 = Release|Any CPU
		{EB258590-626C-4F1D-ABEE-E863551BB5EC}.Debug|Any CPU.ActiveCfg = Debug|Any CPU
		{EB258590-626C-4F1D-ABEE-E863551BB5EC}.Debug|Any CPU.Build.0 = Debug|Any CPU
		{EB258590-626C-4F1D-ABEE-E863551BB5EC}.Release|Any CPU.ActiveCfg = Release|Any CPU
		{EB258590-626C-4F1D-ABEE-E863551BB5EC}.Release|Any CPU.Build.0 = Release|Any CPU
		{3E797996-D4C7-45D1-8B5F-B3C87FC4F886}.Debug|Any CPU.ActiveCfg = Debug|Any CPU
		{3E797996-D4C7-45D1-8B5F-B3C87FC4F886}.Debug|Any CPU.Build.0 = Debug|Any CPU
		{3E797996-D4C7-45D1-8B5F-B3C87FC4F886}.Release|Any CPU.ActiveCfg = Release|Any CPU
		{3E797996-D4C7-45D1-8B5F-B3C87FC4F886}.Release|Any CPU.Build.0 = Release|Any CPU
		{0F576746-2042-433F-8543-FCB9321FDEF0}.Debug|Any CPU.ActiveCfg = Debug|Any CPU
		{0F576746-2042-433F-8543-FCB9321FDEF0}.Debug|Any CPU.Build.0 = Debug|Any CPU
		{0F576746-2042-433F-8543-FCB9321FDEF0}.Release|Any CPU.ActiveCfg = Release|Any CPU
		{0F576746-2042-433F-8543-FCB9321FDEF0}.Release|Any CPU.Build.0 = Release|Any CPU
		{EE3D28B2-2146-4078-BC89-2A4270257085}.Debug|Any CPU.ActiveCfg = Debug|Any CPU
		{EE3D28B2-2146-4078-BC89-2A4270257085}.Debug|Any CPU.Build.0 = Debug|Any CPU
		{EE3D28B2-2146-4078-BC89-2A4270257085}.Release|Any CPU.ActiveCfg = Release|Any CPU
		{EE3D28B2-2146-4078-BC89-2A4270257085}.Release|Any CPU.Build.0 = Release|Any CPU
		{F4AB8CB0-90E3-46D6-93E1-8C796F388E68}.Debug|Any CPU.ActiveCfg = Debug|Any CPU
		{F4AB8CB0-90E3-46D6-93E1-8C796F388E68}.Debug|Any CPU.Build.0 = Debug|Any CPU
		{F4AB8CB0-90E3-46D6-93E1-8C796F388E68}.Release|Any CPU.ActiveCfg = Release|Any CPU
		{F4AB8CB0-90E3-46D6-93E1-8C796F388E68}.Release|Any CPU.Build.0 = Release|Any CPU
		{B28274C1-B220-4D3B-9CB4-DD3A5D877B02}.Debug|Any CPU.ActiveCfg = Debug|Any CPU
		{B28274C1-B220-4D3B-9CB4-DD3A5D877B02}.Debug|Any CPU.Build.0 = Debug|Any CPU
		{B28274C1-B220-4D3B-9CB4-DD3A5D877B02}.Release|Any CPU.ActiveCfg = Release|Any CPU
		{B28274C1-B220-4D3B-9CB4-DD3A5D877B02}.Release|Any CPU.Build.0 = Release|Any CPU
		{04C7820F-E87A-4E09-BBAB-CEF8F73152B6}.Debug|Any CPU.ActiveCfg = Debug|Any CPU
		{04C7820F-E87A-4E09-BBAB-CEF8F73152B6}.Debug|Any CPU.Build.0 = Debug|Any CPU
		{04C7820F-E87A-4E09-BBAB-CEF8F73152B6}.Release|Any CPU.ActiveCfg = Release|Any CPU
		{04C7820F-E87A-4E09-BBAB-CEF8F73152B6}.Release|Any CPU.Build.0 = Release|Any CPU
		{43D2AC34-0EEA-4A82-B907-80D4CBDD63A1}.Debug|Any CPU.ActiveCfg = Debug|Any CPU
		{43D2AC34-0EEA-4A82-B907-80D4CBDD63A1}.Debug|Any CPU.Build.0 = Debug|Any CPU
		{43D2AC34-0EEA-4A82-B907-80D4CBDD63A1}.Release|Any CPU.ActiveCfg = Release|Any CPU
		{43D2AC34-0EEA-4A82-B907-80D4CBDD63A1}.Release|Any CPU.Build.0 = Release|Any CPU
		{5DF03ED5-2C45-4F23-A1E3-248383803D11}.Debug|Any CPU.ActiveCfg = Debug|Any CPU
		{5DF03ED5-2C45-4F23-A1E3-248383803D11}.Debug|Any CPU.Build.0 = Debug|Any CPU
		{5DF03ED5-2C45-4F23-A1E3-248383803D11}.Release|Any CPU.ActiveCfg = Release|Any CPU
		{5DF03ED5-2C45-4F23-A1E3-248383803D11}.Release|Any CPU.Build.0 = Release|Any CPU
		{C1C1A286-780B-44AD-8FB0-AE78528B68EC}.Debug|Any CPU.ActiveCfg = Debug|Any CPU
		{C1C1A286-780B-44AD-8FB0-AE78528B68EC}.Debug|Any CPU.Build.0 = Debug|Any CPU
		{C1C1A286-780B-44AD-8FB0-AE78528B68EC}.Release|Any CPU.ActiveCfg = Release|Any CPU
		{C1C1A286-780B-44AD-8FB0-AE78528B68EC}.Release|Any CPU.Build.0 = Release|Any CPU
	EndGlobalSection
	GlobalSection(SolutionProperties) = preSolution
		HideSolutionNode = FALSE
	EndGlobalSection
	GlobalSection(NestedProjects) = preSolution
		{6585BAE3-7D86-4204-B2BF-F70F5CAE84F2} = {BBD8CE05-D20C-4F98-B1BF-1F48378FA1C2}
		{AC3BF142-79EA-49B1-981B-5AFFFDF159B8} = {BBD8CE05-D20C-4F98-B1BF-1F48378FA1C2}
		{82555643-CEBB-4480-BDDA-7C9A30186C2D} = {BBD8CE05-D20C-4F98-B1BF-1F48378FA1C2}
		{EE1C4A97-AF23-47B9-BF12-0DE8C7B11420} = {BBD8CE05-D20C-4F98-B1BF-1F48378FA1C2}
		{B4E9160F-A459-4131-97B6-6C410FC2E61A} = {BBD8CE05-D20C-4F98-B1BF-1F48378FA1C2}
		{553BC3FD-3C37-4A0C-871A-2948B45BEDD6} = {BBD8CE05-D20C-4F98-B1BF-1F48378FA1C2}
		{5486B4C8-67EA-46B7-BFAE-3C812AF2CEDD} = {4D843872-EF66-419B-A4F4-7DFAD1068F02}
		{04C7820F-E87A-4E09-BBAB-CEF8F73152B6} = {6585BAE3-7D86-4204-B2BF-F70F5CAE84F2}
		{3E797996-D4C7-45D1-8B5F-B3C87FC4F886} = {5486B4C8-67EA-46B7-BFAE-3C812AF2CEDD}
		{EB258590-626C-4F1D-ABEE-E863551BB5EC} = {5486B4C8-67EA-46B7-BFAE-3C812AF2CEDD}
		{0F576746-2042-433F-8543-FCB9321FDEF0} = {AC3BF142-79EA-49B1-981B-5AFFFDF159B8}
		{EE3D28B2-2146-4078-BC89-2A4270257085} = {82555643-CEBB-4480-BDDA-7C9A30186C2D}
		{F4AB8CB0-90E3-46D6-93E1-8C796F388E68} = {EE1C4A97-AF23-47B9-BF12-0DE8C7B11420}
		{B28274C1-B220-4D3B-9CB4-DD3A5D877B02} = {B4E9160F-A459-4131-97B6-6C410FC2E61A}
		{C1C1A286-780B-44AD-8FB0-AE78528B68EC} = {553BC3FD-3C37-4A0C-871A-2948B45BEDD6}
	EndGlobalSection
EndGlobal
